
Microsoft Visual Studio Solution File, Format Version 12.00
# Visual Studio Version 17
VisualStudioVersion = 17.4.33205.214
MinimumVisualStudioVersion = 10.0.40219.1
Project("{FAE04EC0-301F-11D3-BF4B-00C04F79EFBC}") = "BankTaskCSharp", "BankTaskCSharp\BankTaskCSharp.csproj", "{EB4825E6-8D92-46F2-91D4-07FA6353FF06}"
EndProject
Global
	GlobalSection(SolutionConfigurationPlatforms) = preSolution
		Debug|Any CPU = Debug|Any CPU
		Release|Any CPU = Release|Any CPU
	EndGlobalSection
	GlobalSection(ProjectConfigurationPlatforms) = postSolution
		{EB4825E6-8D92-46F2-91D4-07FA6353FF06}.Debug|Any CPU.ActiveCfg = Debug|Any CPU
		{EB4825E6-8D92-46F2-91D4-07FA6353FF06}.Debug|Any CPU.Build.0 = Debug|Any CPU
		{EB4825E6-8D92-46F2-91D4-07FA6353FF06}.Release|Any CPU.ActiveCfg = Release|Any CPU
		{EB4825E6-8D92-46F2-91D4-07FA6353FF06}.Release|Any CPU.Build.0 = Release|Any CPU
	EndGlobalSection
	GlobalSection(SolutionProperties) = preSolution
		HideSolutionNode = FALSE
	EndGlobalSection
	GlobalSection(ExtensibilityGlobals) = postSolution
		SolutionGuid = {E11D1CE6-3D11-4C76-8D79-BFC884F4EB60}
	EndGlobalSection
EndGlobal
